// !$*UTF8*$!
{
	archiveVersion = 1;
	classes = {
	};
	objectVersion = 46;
	objects = {

/* Begin PBXBuildFile section */
		833061651C6534A7001A497C /* AppDelegate.swift in Sources */ = {isa = PBXBuildFile; fileRef = 833061641C6534A7001A497C /* AppDelegate.swift */; };
		833061671C6534A7001A497C /* ViewController.swift in Sources */ = {isa = PBXBuildFile; fileRef = 833061661C6534A7001A497C /* ViewController.swift */; };
		8330616A1C6534A7001A497C /* Main.storyboard in Resources */ = {isa = PBXBuildFile; fileRef = 833061681C6534A7001A497C /* Main.storyboard */; };
		8330616C1C6534A7001A497C /* Assets.xcassets in Resources */ = {isa = PBXBuildFile; fileRef = 8330616B1C6534A7001A497C /* Assets.xcassets */; };
		8330616F1C6534A7001A497C /* LaunchScreen.storyboard in Resources */ = {isa = PBXBuildFile; fileRef = 8330616D1C6534A7001A497C /* LaunchScreen.storyboard */; };
		8330617A1C6534A8001A497C /* RedBlueTests.swift in Sources */ = {isa = PBXBuildFile; fileRef = 833061791C6534A8001A497C /* RedBlueTests.swift */; };
		833061851C6534A8001A497C /* RedBlueUITests.swift in Sources */ = {isa = PBXBuildFile; fileRef = 833061841C6534A8001A497C /* RedBlueUITests.swift */; };
/* End PBXBuildFile section */

/* Begin PBXContainerItemProxy section */
		833061761C6534A7001A497C /* PBXContainerItemProxy */ = {
			isa = PBXContainerItemProxy;
			containerPortal = 833061591C6534A6001A497C /* Project object */;
			proxyType = 1;
			remoteGlobalIDString = 833061601C6534A6001A497C;
			remoteInfo = RedBlue;
		};
		833061811C6534A8001A497C /* PBXContainerItemProxy */ = {
			isa = PBXContainerItemProxy;
			containerPortal = 833061591C6534A6001A497C /* Project object */;
			proxyType = 1;
			remoteGlobalIDString = 833061601C6534A6001A497C;
			remoteInfo = RedBlue;
		};
/* End PBXContainerItemProxy section */

/* Begin PBXFileReference section */
		833061611C6534A7001A497C /* RedBlue.app */ = {isa = PBXFileReference; explicitFileType = wrapper.application; includeInIndex = 0; path = RedBlue.app; sourceTree = BUILT_PRODUCTS_DIR; };
		833061641C6534A7001A497C /* AppDelegate.swift */ = {isa = PBXFileReference; lastKnownFileType = sourcecode.swift; path = AppDelegate.swift; sourceTree = "<group>"; };
		833061661C6534A7001A497C /* ViewController.swift */ = {isa = PBXFileReference; lastKnownFileType = sourcecode.swift; path = ViewController.swift; sourceTree = "<group>"; };
		833061691C6534A7001A497C /* Base */ = {isa = PBXFileReference; lastKnownFileType = file.storyboard; name = Base; path = Base.lproj/Main.storyboard; sourceTree = "<group>"; };
		8330616B1C6534A7001A497C /* Assets.xcassets */ = {isa = PBXFileReference; lastKnownFileType = folder.assetcatalog; path = Assets.xcassets; sourceTree = "<group>"; };
		8330616E1C6534A7001A497C /* Base */ = {isa = PBXFileReference; lastKnownFileType = file.storyboard; name = Base; path = Base.lproj/LaunchScreen.storyboard; sourceTree = "<group>"; };
		833061701C6534A7001A497C /* Info.plist */ = {isa = PBXFileReference; lastKnownFileType = text.plist.xml; path = Info.plist; sourceTree = "<group>"; };
		833061751C6534A7001A497C /* RedBlueTests.xctest */ = {isa = PBXFileReference; explicitFileType = wrapper.cfbundle; includeInIndex = 0; path = RedBlueTests.xctest; sourceTree = BUILT_PRODUCTS_DIR; };
		833061791C6534A8001A497C /* RedBlueTests.swift */ = {isa = PBXFileReference; lastKnownFileType = sourcecode.swift; path = RedBlueTests.swift; sourceTree = "<group>"; };
		8330617B1C6534A8001A497C /* Info.plist */ = {isa = PBXFileReference; lastKnownFileType = text.plist.xml; path = Info.plist; sourceTree = "<group>"; };
		833061801C6534A8001A497C /* RedBlueUITests.xctest */ = {isa = PBXFileReference; explicitFileType = wrapper.cfbundle; includeInIndex = 0; path = RedBlueUITests.xctest; sourceTree = BUILT_PRODUCTS_DIR; };
		833061841C6534A8001A497C /* RedBlueUITests.swift */ = {isa = PBXFileReference; lastKnownFileType = sourcecode.swift; path = RedBlueUITests.swift; sourceTree = "<group>"; };
		833061861C6534A8001A497C /* Info.plist */ = {isa = PBXFileReference; lastKnownFileType = text.plist.xml; path = Info.plist; sourceTree = "<group>"; };
/* End PBXFileReference section */

/* Begin PBXFrameworksBuildPhase section */
		8330615E1C6534A6001A497C /* Frameworks */ = {
			isa = PBXFrameworksBuildPhase;
			buildActionMask = 2147483647;
			files = (
			);
			runOnlyForDeploymentPostprocessing = 0;
		};
		833061721C6534A7001A497C /* Frameworks */ = {
			isa = PBXFrameworksBuildPhase;
			buildActionMask = 2147483647;
			files = (
			);
			runOnlyForDeploymentPostprocessing = 0;
		};
		8330617D1C6534A8001A497C /* Frameworks */ = {
			isa = PBXFrameworksBuildPhase;
			buildActionMask = 2147483647;
			files = (
			);
			runOnlyForDeploymentPostprocessing = 0;
		};
/* End PBXFrameworksBuildPhase section */

/* Begin PBXGroup section */
		833061581C6534A6001A497C = {
			isa = PBXGroup;
			children = (
				833061631C6534A7001A497C /* RedBlue */,
				833061781C6534A7001A497C /* RedBlueTests */,
				833061831C6534A8001A497C /* RedBlueUITests */,
				833061621C6534A7001A497C /* Products */,
			);
			sourceTree = "<group>";
		};
		833061621C6534A7001A497C /* Products */ = {
			isa = PBXGroup;
			children = (
				833061611C6534A7001A497C /* RedBlue.app */,
				833061751C6534A7001A497C /* RedBlueTests.xctest */,
				833061801C6534A8001A497C /* RedBlueUITests.xctest */,
			);
			name = Products;
			sourceTree = "<group>";
		};
		833061631C6534A7001A497C /* RedBlue */ = {
			isa = PBXGroup;
			children = (
				833061641C6534A7001A497C /* AppDelegate.swift */,
				833061661C6534A7001A497C /* ViewController.swift */,
				833061681C6534A7001A497C /* Main.storyboard */,
				8330616B1C6534A7001A497C /* Assets.xcassets */,
				8330616D1C6534A7001A497C /* LaunchScreen.storyboard */,
				833061701C6534A7001A497C /* Info.plist */,
			);
			path = RedBlue;
			sourceTree = "<group>";
		};
		833061781C6534A7001A497C /* RedBlueTests */ = {
			isa = PBXGroup;
			children = (
				833061791C6534A8001A497C /* RedBlueTests.swift */,
				8330617B1C6534A8001A497C /* Info.plist */,
			);
			path = RedBlueTests;
			sourceTree = "<group>";
		};
		833061831C6534A8001A497C /* RedBlueUITests */ = {
			isa = PBXGroup;
			children = (
				833061841C6534A8001A497C /* RedBlueUITests.swift */,
				833061861C6534A8001A497C /* Info.plist */,
			);
			path = RedBlueUITests;
			sourceTree = "<group>";
		};
/* End PBXGroup section */

/* Begin PBXNativeTarget section */
		833061601C6534A6001A497C /* RedBlue */ = {
			isa = PBXNativeTarget;
			buildConfigurationList = 833061891C6534A8001A497C /* Build configuration list for PBXNativeTarget "RedBlue" */;
			buildPhases = (
				8330615D1C6534A6001A497C /* Sources */,
				8330615E1C6534A6001A497C /* Frameworks */,
				8330615F1C6534A6001A497C /* Resources */,
			);
			buildRules = (
			);
			dependencies = (
			);
			name = RedBlue;
			productName = RedBlue;
			productReference = 833061611C6534A7001A497C /* RedBlue.app */;
			productType = "com.apple.product-type.application";
		};
		833061741C6534A7001A497C /* RedBlueTests */ = {
			isa = PBXNativeTarget;
			buildConfigurationList = 8330618C1C6534A8001A497C /* Build configuration list for PBXNativeTarget "RedBlueTests" */;
			buildPhases = (
				833061711C6534A7001A497C /* Sources */,
				833061721C6534A7001A497C /* Frameworks */,
				833061731C6534A7001A497C /* Resources */,
			);
			buildRules = (
			);
			dependencies = (
				833061771C6534A7001A497C /* PBXTargetDependency */,
			);
			name = RedBlueTests;
			productName = RedBlueTests;
			productReference = 833061751C6534A7001A497C /* RedBlueTests.xctest */;
			productType = "com.apple.product-type.bundle.unit-test";
		};
		8330617F1C6534A8001A497C /* RedBlueUITests */ = {
			isa = PBXNativeTarget;
			buildConfigurationList = 8330618F1C6534A8001A497C /* Build configuration list for PBXNativeTarget "RedBlueUITests" */;
			buildPhases = (
				8330617C1C6534A8001A497C /* Sources */,
				8330617D1C6534A8001A497C /* Frameworks */,
				8330617E1C6534A8001A497C /* Resources */,
			);
			buildRules = (
			);
			dependencies = (
				833061821C6534A8001A497C /* PBXTargetDependency */,
			);
			name = RedBlueUITests;
			productName = RedBlueUITests;
			productReference = 833061801C6534A8001A497C /* RedBlueUITests.xctest */;
			productType = "com.apple.product-type.bundle.ui-testing";
		};
/* End PBXNativeTarget section */

/* Begin PBXProject section */
		833061591C6534A6001A497C /* Project object */ = {
			isa = PBXProject;
			attributes = {
				LastSwiftUpdateCheck = 0720;
				LastUpgradeCheck = 0720;
				ORGANIZATIONNAME = "Surzayon Ghosh";
				TargetAttributes = {
					833061601C6534A6001A497C = {
						CreatedOnToolsVersion = 7.2;
					};
					833061741C6534A7001A497C = {
						CreatedOnToolsVersion = 7.2;
						TestTargetID = 833061601C6534A6001A497C;
					};
					8330617F1C6534A8001A497C = {
						CreatedOnToolsVersion = 7.2;
						TestTargetID = 833061601C6534A6001A497C;
					};
				};
			};
			buildConfigurationList = 8330615C1C6534A6001A497C /* Build configuration list for PBXProject "RedBlue" */;
			compatibilityVersion = "Xcode 3.2";
			developmentRegion = English;
			hasScannedForEncodings = 0;
			knownRegions = (
				en,
				Base,
			);
			mainGroup = 833061581C6534A6001A497C;
			productRefGroup = 833061621C6534A7001A497C /* Products */;
			projectDirPath = "";
			projectRoot = "";
			targets = (
				833061601C6534A6001A497C /* RedBlue */,
				833061741C6534A7001A497C /* RedBlueTests */,
				8330617F1C6534A8001A497C /* RedBlueUITests */,
			);
		};
/* End PBXProject section */

/* Begin PBXResourcesBuildPhase section */
		8330615F1C6534A6001A497C /* Resources */ = {
			isa = PBXResourcesBuildPhase;
			buildActionMask = 2147483647;
			files = (
				8330616F1C6534A7001A497C /* LaunchScreen.storyboard in Resources */,
				8330616C1C6534A7001A497C /* Assets.xcassets in Resources */,
				8330616A1C6534A7001A497C /* Main.storyboard in Resources */,
			);
			runOnlyForDeploymentPostprocessing = 0;
		};
		833061731C6534A7001A497C /* Resources */ = {
			isa = PBXResourcesBuildPhase;
			buildActionMask = 2147483647;
			files = (
			);
			runOnlyForDeploymentPostprocessing = 0;
		};
		8330617E1C6534A8001A497C /* Resources */ = {
			isa = PBXResourcesBuildPhase;
			buildActionMask = 2147483647;
			files = (
			);
			runOnlyForDeploymentPostprocessing = 0;
		};
/* End PBXResourcesBuildPhase section */

/* Begin PBXSourcesBuildPhase section */
		8330615D1C6534A6001A497C /* Sources */ = {
			isa = PBXSourcesBuildPhase;
			buildActionMask = 2147483647;
			files = (
				833061671C6534A7001A497C /* ViewController.swift in Sources */,
				833061651C6534A7001A497C /* AppDelegate.swift in Sources */,
			);
			runOnlyForDeploymentPostprocessing = 0;
		};
		833061711C6534A7001A497C /* Sources */ = {
			isa = PBXSourcesBuildPhase;
			buildActionMask = 2147483647;
			files = (
				8330617A1C6534A8001A497C /* RedBlueTests.swift in Sources */,
			);
			runOnlyForDeploymentPostprocessing = 0;
		};
		8330617C1C6534A8001A497C /* Sources */ = {
			isa = PBXSourcesBuildPhase;
			buildActionMask = 2147483647;
			files = (
				833061851C6534A8001A497C /* RedBlueUITests.swift in Sources */,
			);
			runOnlyForDeploymentPostprocessing = 0;
		};
/* End PBXSourcesBuildPhase section */

/* Begin PBXTargetDependency section */
		833061771C6534A7001A497C /* PBXTargetDependency */ = {
			isa = PBXTargetDependency;
			target = 833061601C6534A6001A497C /* RedBlue */;
			targetProxy = 833061761C6534A7001A497C /* PBXContainerItemProxy */;
		};
		833061821C6534A8001A497C /* PBXTargetDependency */ = {
			isa = PBXTargetDependency;
			target = 833061601C6534A6001A497C /* RedBlue */;
			targetProxy = 833061811C6534A8001A497C /* PBXContainerItemProxy */;
		};
/* End PBXTargetDependency section */

/* Begin PBXVariantGroup section */
		833061681C6534A7001A497C /* Main.storyboard */ = {
			isa = PBXVariantGroup;
			children = (
				833061691C6534A7001A497C /* Base */,
			);
			name = Main.storyboard;
			sourceTree = "<group>";
		};
		8330616D1C6534A7001A497C /* LaunchScreen.storyboard */ = {
			isa = PBXVariantGroup;
			children = (
				8330616E1C6534A7001A497C /* Base */,
			);
			name = LaunchScreen.storyboard;
			sourceTree = "<group>";
		};
/* End PBXVariantGroup section */

/* Begin XCBuildConfiguration section */
		833061871C6534A8001A497C /* Debug */ = {
			isa = XCBuildConfiguration;
			buildSettings = {
				ALWAYS_SEARCH_USER_PATHS = NO;
				CLANG_CXX_LANGUAGE_STANDARD = "gnu++0x";
				CLANG_CXX_LIBRARY = "libc++";
				CLANG_ENABLE_MODULES = YES;
				CLANG_ENABLE_OBJC_ARC = YES;
				CLANG_WARN_BOOL_CONVERSION = YES;
				CLANG_WARN_CONSTANT_CONVERSION = YES;
				CLANG_WARN_DIRECT_OBJC_ISA_USAGE = YES_ERROR;
				CLANG_WARN_EMPTY_BODY = YES;
				CLANG_WARN_ENUM_CONVERSION = YES;
				CLANG_WARN_INT_CONVERSION = YES;
				CLANG_WARN_OBJC_ROOT_CLASS = YES_ERROR;
				CLANG_WARN_UNREACHABLE_CODE = YES;
				CLANG_WARN__DUPLICATE_METHOD_MATCH = YES;
				"CODE_SIGN_IDENTITY[sdk=iphoneos*]" = "iPhone Developer";
				COPY_PHASE_STRIP = NO;
				DEBUG_INFORMATION_FORMAT = dwarf;
				ENABLE_STRICT_OBJC_MSGSEND = YES;
				ENABLE_TESTABILITY = YES;
				GCC_C_LANGUAGE_STANDARD = gnu99;
				GCC_DYNAMIC_NO_PIC = NO;
				GCC_NO_COMMON_BLOCKS = YES;
				GCC_OPTIMIZATION_LEVEL = 0;
				GCC_PREPROCESSOR_DEFINITIONS = (
					"DEBUG=1",
					"$(inherited)",
				);
				GCC_WARN_64_TO_32_BIT_CONVERSION = YES;
				GCC_WARN_ABOUT_RETURN_TYPE = YES_ERROR;
				GCC_WARN_UNDECLARED_SELECTOR = YES;
				GCC_WARN_UNINITIALIZED_AUTOS = YES_AGGRESSIVE;
				GCC_WARN_UNUSED_FUNCTION = YES;
				GCC_WARN_UNUSED_VARIABLE = YES;
				IPHONEOS_DEPLOYMENT_TARGET = 9.2;
				MTL_ENABLE_DEBUG_INFO = YES;
				ONLY_ACTIVE_ARCH = YES;
				SDKROOT = iphoneos;
				SWIFT_OPTIMIZATION_LEVEL = "-Onone";
			};
			name = Debug;
		};
		833061881C6534A8001A497C /* Release */ = {
			isa = XCBuildConfiguration;
			buildSettings = {
				ALWAYS_SEARCH_USER_PATHS = NO;
				CLANG_CXX_LANGUAGE_STANDARD = "gnu++0x";
				CLANG_CXX_LIBRARY = "libc++";
				CLANG_ENABLE_MODULES = YES;
				CLANG_ENABLE_OBJC_ARC = YES;
				CLANG_WARN_BOOL_CONVERSION = YES;
				CLANG_WARN_CONSTANT_CONVERSION = YES;
				CLANG_WARN_DIRECT_OBJC_ISA_USAGE = YES_ERROR;
				CLANG_WARN_EMPTY_BODY = YES;
				CLANG_WARN_ENUM_CONVERSION = YES;
				CLANG_WARN_INT_CONVERSION = YES;
				CLANG_WARN_OBJC_ROOT_CLASS = YES_ERROR;
				CLANG_WARN_UNREACHABLE_CODE = YES;
				CLANG_WARN__DUPLICATE_METHOD_MATCH = YES;
				"CODE_SIGN_IDENTITY[sdk=iphoneos*]" = "iPhone Developer";
				COPY_PHASE_STRIP = NO;
				DEBUG_INFORMATION_FORMAT = "dwarf-with-dsym";
				ENABLE_NS_ASSERTIONS = NO;
				ENABLE_STRICT_OBJC_MSGSEND = YES;
				GCC_C_LANGUAGE_STANDARD = gnu99;
				GCC_NO_COMMON_BLOCKS = YES;
				GCC_WARN_64_TO_32_BIT_CONVERSION = YES;
				GCC_WARN_ABOUT_RETURN_TYPE = YES_ERROR;
				GCC_WARN_UNDECLARED_SELECTOR = YES;
				GCC_WARN_UNINITIALIZED_AUTOS = YES_AGGRESSIVE;
				GCC_WARN_UNUSED_FUNCTION = YES;
				GCC_WARN_UNUSED_VARIABLE = YES;
				IPHONEOS_DEPLOYMENT_TARGET = 9.2;
				MTL_ENABLE_DEBUG_INFO = NO;
				SDKROOT = iphoneos;
				VALIDATE_PRODUCT = YES;
			};
			name = Release;
		};
		8330618A1C6534A8001A497C /* Debug */ = {
			isa = XCBuildConfiguration;
			buildSettings = {
				ASSETCATALOG_COMPILER_APPICON_NAME = AppIcon;
				INFOPLIST_FILE = RedBlue/Info.plist;
				LD_RUNPATH_SEARCH_PATHS = "$(inherited) @executable_path/Frameworks";
				PRODUCT_BUNDLE_IDENTIFIER = com.belyfe.RedBlue;
				PRODUCT_NAME = "$(TARGET_NAME)";
			};
			name = Debug;
		};
		8330618B1C6534A8001A497C /* Release */ = {
			isa = XCBuildConfiguration;
			buildSettings = {
				ASSETCATALOG_COMPILER_APPICON_NAME = AppIcon;
				INFOPLIST_FILE = RedBlue/Info.plist;
				LD_RUNPATH_SEARCH_PATHS = "$(inherited) @executable_path/Frameworks";
				PRODUCT_BUNDLE_IDENTIFIER = com.belyfe.RedBlue;
				PRODUCT_NAME = "$(TARGET_NAME)";
			};
			name = Release;
		};
		8330618D1C6534A8001A497C /* Debug */ = {
			isa = XCBuildConfiguration;
			buildSettings = {
				BUNDLE_LOADER = "$(TEST_HOST)";
				INFOPLIST_FILE = RedBlueTests/Info.plist;
				LD_RUNPATH_SEARCH_PATHS = "$(inherited) @executable_path/Frameworks @loader_path/Frameworks";
				PRODUCT_BUNDLE_IDENTIFIER = com.belyfe.RedBlueTests;
				PRODUCT_NAME = "$(TARGET_NAME)";
				TEST_HOST = "$(BUILT_PRODUCTS_DIR)/RedBlue.app/RedBlue";
			};
			name = Debug;
		};
		8330618E1C6534A8001A497C /* Release */ = {
			isa = XCBuildConfiguration;
			buildSettings = {
				BUNDLE_LOADER = "$(TEST_HOST)";
				INFOPLIST_FILE = RedBlueTests/Info.plist;
				LD_RUNPATH_SEARCH_PATHS = "$(inherited) @executable_path/Frameworks @loader_path/Frameworks";
				PRODUCT_BUNDLE_IDENTIFIER = com.belyfe.RedBlueTests;
				PRODUCT_NAME = "$(TARGET_NAME)";
				TEST_HOST = "$(BUILT_PRODUCTS_DIR)/RedBlue.app/RedBlue";
			};
			name = Release;
		};
		833061901C6534A8001A497C /* Debug */ = {
			isa = XCBuildConfiguration;
			buildSettings = {
				INFOPLIST_FILE = RedBlueUITests/Info.plist;
				LD_RUNPATH_SEARCH_PATHS = "$(inherited) @executable_path/Frameworks @loader_path/Frameworks";
				PRODUCT_BUNDLE_IDENTIFIER = com.belyfe.RedBlueUITests;
				PRODUCT_NAME = "$(TARGET_NAME)";
				TEST_TARGET_NAME = RedBlue;
				USES_XCTRUNNER = YES;
			};
			name = Debug;
		};
		833061911C6534A8001A497C /* Release */ = {
			isa = XCBuildConfiguration;
			buildSettings = {
				INFOPLIST_FILE = RedBlueUITests/Info.plist;
				LD_RUNPATH_SEARCH_PATHS = "$(inherited) @executable_path/Frameworks @loader_path/Frameworks";
				PRODUCT_BUNDLE_IDENTIFIER = com.belyfe.RedBlueUITests;
				PRODUCT_NAME = "$(TARGET_NAME)";
				TEST_TARGET_NAME = RedBlue;
				USES_XCTRUNNER = YES;
			};
			name = Release;
		};
/* End XCBuildConfiguration section */

/* Begin XCConfigurationList section */
		8330615C1C6534A6001A497C /* Build configuration list for PBXProject "RedBlue" */ = {
			isa = XCConfigurationList;
			buildConfigurations = (
				833061871C6534A8001A497C /* Debug */,
				833061881C6534A8001A497C /* Release */,
			);
			defaultConfigurationIsVisible = 0;
			defaultConfigurationName = Release;
		};
		833061891C6534A8001A497C /* Build configuration list for PBXNativeTarget "RedBlue" */ = {
			isa = XCConfigurationList;
			buildConfigurations = (
				8330618A1C6534A8001A497C /* Debug */,
				8330618B1C6534A8001A497C /* Release */,
			);
			defaultConfigurationIsVisible = 0;
		};
		8330618C1C6534A8001A497C /* Build configuration list for PBXNativeTarget "RedBlueTests" */ = {
			isa = XCConfigurationList;
			buildConfigurations = (
				8330618D1C6534A8001A497C /* Debug */,
				8330618E1C6534A8001A497C /* Release */,
			);
			defaultConfigurationIsVisible = 0;
		};
		8330618F1C6534A8001A497C /* Build configuration list for PBXNativeTarget "RedBlueUITests" */ = {
			isa = XCConfigurationList;
			buildConfigurations = (
				833061901C6534A8001A497C /* Debug */,
				833061911C6534A8001A497C /* Release */,
			);
			defaultConfigurationIsVisible = 0;
		};
/* End XCConfigurationList section */
	};
	rootObject = 833061591C6534A6001A497C /* Project object */;
}
